
Microsoft Visual Studio Solution File, Format Version 12.00
# Visual Studio Version 17
VisualStudioVersion = 17.5.33516.290
MinimumVisualStudioVersion = 10.0.40219.1
Project("{FAE04EC0-301F-11D3-BF4B-00C04F79EFBC}") = "RandomMealGenerator", "RandomMealGenerator.csproj", "{70BB5004-AEAB-4B20-AF67-150E1EBCE6E3}"
EndProject
Global
	GlobalSection(SolutionConfigurationPlatforms) = preSolution
		Debug|Any CPU = Debug|Any CPU
		Release|Any CPU = Release|Any CPU
	EndGlobalSection
	GlobalSection(ProjectConfigurationPlatforms) = postSolution
		{70BB5004-AEAB-4B20-AF67-150E1EBCE6E3}.Debug|Any CPU.ActiveCfg = Debug|Any CPU
		{70BB5004-AEAB-4B20-AF67-150E1EBCE6E3}.Debug|Any CPU.Build.0 = Debug|Any CPU
		{70BB5004-AEAB-4B20-AF67-150E1EBCE6E3}.Release|Any CPU.ActiveCfg = Release|Any CPU
		{70BB5004-AEAB-4B20-AF67-150E1EBCE6E3}.Release|Any CPU.Build.0 = Release|Any CPU
	EndGlobalSection
	GlobalSection(SolutionProperties) = preSolution
		HideSolutionNode = FALSE
	EndGlobalSection
	GlobalSection(ExtensibilityGlobals) = postSolution
		SolutionGuid = {0D403588-F979-4937-8D19-D90713B9C9AB}
	EndGlobalSection
EndGlobal
